
Microsoft Visual Studio Solution File, Format Version 12.00
Project("{FAE04EC0-301F-11D3-BF4B-00C04F79EFBC}") = "AbstractFactory", "AbstractFactory\AbstractFactory.csproj", "{B31F0039-E042-47B1-87FE-0EAEC2283351}"
EndProject
Project("{FAE04EC0-301F-11D3-BF4B-00C04F79EFBC}") = "Adapter", "Adapter\Adapter.csproj", "{AC9ED567-851E-49CF-99E2-C8CFBC34B947}"
EndProject
Project("{FAE04EC0-301F-11D3-BF4B-00C04F79EFBC}") = "Builder", "Builder\Builder.csproj", "{90D15D6D-40F4-4E01-8648-969265EF201F}"
EndProject
Project("{FAE04EC0-301F-11D3-BF4B-00C04F79EFBC}") = "Facade", "Facade\Facade.csproj", "{5A84305F-8006-4C60-BF2A-99F8EC857624}"
EndProject
Project("{FAE04EC0-301F-11D3-BF4B-00C04F79EFBC}") = "ChristmasTree", "ChristmasTree\ChristmasTree\ChristmasTree.csproj", "{43B6BB30-91AA-4D8B-867B-434CC1E01183}"
EndProject
Project("{FAE04EC0-301F-11D3-BF4B-00C04F79EFBC}") = "Mediator", "Mediator\Mediator.csproj", "{D09E537A-20DE-41C1-A08F-3667D82D6B29}"
EndProject
Project("{FAE04EC0-301F-11D3-BF4B-00C04F79EFBC}") = "Prototype", "Prototype\Prototype.csproj", "{F7835097-A5CE-45B8-B73F-7A072B9F7516}"
EndProject
Global
	GlobalSection(SolutionConfigurationPlatforms) = preSolution
		Debug|Any CPU = Debug|Any CPU
		Release|Any CPU = Release|Any CPU
	EndGlobalSection
	GlobalSection(ProjectConfigurationPlatforms) = postSolution
		{B31F0039-E042-47B1-87FE-0EAEC2283351}.Debug|Any CPU.ActiveCfg = Debug|Any CPU
		{B31F0039-E042-47B1-87FE-0EAEC2283351}.Debug|Any CPU.Build.0 = Debug|Any CPU
		{B31F0039-E042-47B1-87FE-0EAEC2283351}.Release|Any CPU.ActiveCfg = Release|Any CPU
		{B31F0039-E042-47B1-87FE-0EAEC2283351}.Release|Any CPU.Build.0 = Release|Any CPU
		{AC9ED567-851E-49CF-99E2-C8CFBC34B947}.Debug|Any CPU.ActiveCfg = Debug|Any CPU
		{AC9ED567-851E-49CF-99E2-C8CFBC34B947}.Debug|Any CPU.Build.0 = Debug|Any CPU
		{AC9ED567-851E-49CF-99E2-C8CFBC34B947}.Release|Any CPU.ActiveCfg = Release|Any CPU
		{AC9ED567-851E-49CF-99E2-C8CFBC34B947}.Release|Any CPU.Build.0 = Release|Any CPU
		{90D15D6D-40F4-4E01-8648-969265EF201F}.Debug|Any CPU.ActiveCfg = Debug|Any CPU
		{90D15D6D-40F4-4E01-8648-969265EF201F}.Debug|Any CPU.Build.0 = Debug|Any CPU
		{90D15D6D-40F4-4E01-8648-969265EF201F}.Release|Any CPU.ActiveCfg = Release|Any CPU
		{90D15D6D-40F4-4E01-8648-969265EF201F}.Release|Any CPU.Build.0 = Release|Any CPU
		{5A84305F-8006-4C60-BF2A-99F8EC857624}.Debug|Any CPU.ActiveCfg = Debug|Any CPU
		{5A84305F-8006-4C60-BF2A-99F8EC857624}.Debug|Any CPU.Build.0 = Debug|Any CPU
		{5A84305F-8006-4C60-BF2A-99F8EC857624}.Release|Any CPU.ActiveCfg = Release|Any CPU
		{5A84305F-8006-4C60-BF2A-99F8EC857624}.Release|Any CPU.Build.0 = Release|Any CPU
		{43B6BB30-91AA-4D8B-867B-434CC1E01183}.Debug|Any CPU.ActiveCfg = Debug|Any CPU
		{43B6BB30-91AA-4D8B-867B-434CC1E01183}.Debug|Any CPU.Build.0 = Debug|Any CPU
		{43B6BB30-91AA-4D8B-867B-434CC1E01183}.Release|Any CPU.ActiveCfg = Release|Any CPU
		{43B6BB30-91AA-4D8B-867B-434CC1E01183}.Release|Any CPU.Build.0 = Release|Any CPU
		{D09E537A-20DE-41C1-A08F-3667D82D6B29}.Debug|Any CPU.ActiveCfg = Debug|Any CPU
		{D09E537A-20DE-41C1-A08F-3667D82D6B29}.Debug|Any CPU.Build.0 = Debug|Any CPU
		{D09E537A-20DE-41C1-A08F-3667D82D6B29}.Release|Any CPU.ActiveCfg = Release|Any CPU
		{D09E537A-20DE-41C1-A08F-3667D82D6B29}.Release|Any CPU.Build.0 = Release|Any CPU
		{F7835097-A5CE-45B8-B73F-7A072B9F7516}.Debug|Any CPU.ActiveCfg = Debug|Any CPU
		{F7835097-A5CE-45B8-B73F-7A072B9F7516}.Debug|Any CPU.Build.0 = Debug|Any CPU
		{F7835097-A5CE-45B8-B73F-7A072B9F7516}.Release|Any CPU.ActiveCfg = Release|Any CPU
		{F7835097-A5CE-45B8-B73F-7A072B9F7516}.Release|Any CPU.Build.0 = Release|Any CPU
	EndGlobalSection
EndGlobal
